// !$*UTF8*$!
{
	archiveVersion = 1;
	classes = {
	};
	objectVersion = 110;
	objects = {

/* Begin PBXBuildFile section */
		218E19DD2FE15A4B007F78C6 /* WidgetKit.framework in Frameworks */ = {isa = PBXBuildFile; fileRef = 218E19DC2FE15A4B007F78C6 /* WidgetKit.framework */; };
		218E19DF2FE15A4B007F78C6 /* SwiftUI.framework in Frameworks */ = {isa = PBXBuildFile; fileRef = 218E19DE2FE15A4B007F78C6 /* SwiftUI.framework */; };
		218E19EA2FE15A4E007F78C6 /* MickeysMindWidgetExtension.appex in Embed Foundation Extensions */ = {isa = PBXBuildFile; fileRef = 218E19DA2FE15A4B007F78C6 /* MickeysMindWidgetExtension.appex */; settings = {ATTRIBUTES = (RemoveHeadersOnCopy, ); }; };
/* End PBXBuildFile section */

/* Begin PBXContainerItemProxy section */
		218E19E82FE15A4E007F78C6 /* PBXContainerItemProxy */ = {
			isa = PBXContainerItemProxy;
			containerPortal = 218E19C02FE15A13007F78C6 /* Project object */;
			proxyType = 1;
			remoteGlobalIDString = 218E19D92FE15A4B007F78C6;
			remoteInfo = MickeysMindWidgetExtension;
		};
/* End PBXContainerItemProxy section */

/* Begin PBXCopyFilesBuildPhase section */
		218E19EF2FE15A4E007F78C6 /* Embed Foundation Extensions */ = {
			isa = PBXCopyFilesBuildPhase;
			dstPath = "";
			dstSubfolder = PlugIns;
			files = (
				218E19EA2FE15A4E007F78C6 /* MickeysMindWidgetExtension.appex in Embed Foundation Extensions */,
			);
			name = "Embed Foundation Extensions";
		};
/* End PBXCopyFilesBuildPhase section */

/* Begin PBXFileReference section */
		218E19C82FE15A13007F78C6 /* MickeysMind.app */ = {isa = PBXFileReference; explicitFileType = wrapper.application; includeInIndex = 0; path = MickeysMind.app; sourceTree = BUILT_PRODUCTS_DIR; };
		218E19DA2FE15A4B007F78C6 /* MickeysMindWidgetExtension.appex */ = {isa = PBXFileReference; explicitFileType = "wrapper.app-extension"; includeInIndex = 0; path = MickeysMindWidgetExtension.appex; sourceTree = BUILT_PRODUCTS_DIR; };
		218E19DC2FE15A4B007F78C6 /* WidgetKit.framework */ = {isa = PBXFileReference; lastKnownFileType = wrapper.framework; name = WidgetKit.framework; path = System/Library/Frameworks/WidgetKit.framework; sourceTree = SDKROOT; };
		218E19DE2FE15A4B007F78C6 /* SwiftUI.framework */ = {isa = PBXFileReference; lastKnownFileType = wrapper.framework; name = SwiftUI.framework; path = System/Library/Frameworks/SwiftUI.framework; sourceTree = SDKROOT; };
		218E19F12FE15A88007F78C6 /* MickeysMindWidgetExtension.entitlements */ = {isa = PBXFileReference; lastKnownFileType = text.plist.entitlements; path = MickeysMindWidgetExtension.entitlements; sourceTree = "<group>"; };
/* End PBXFileReference section */

/* Begin PBXFileSystemSynchronizedBuildFileExceptionSet section */
		218E19EB2FE15A4E007F78C6 /* Exceptions for "MickeysMindWidget" folder in "MickeysMindWidgetExtension" target */ = {
			isa = PBXFileSystemSynchronizedBuildFileExceptionSet;
			membershipExceptions = (
				Info.plist,
			);
			target = 218E19D92FE15A4B007F78C6 /* MickeysMindWidgetExtension */;
		};
		218E1A262FE15D31007F78C6 /* Exceptions for "MickeysMind" folder in "MickeysMindWidgetExtension" target */ = {
			isa = PBXFileSystemSynchronizedBuildFileExceptionSet;
			membershipExceptions = (
				FirestoreClient.swift,
			);
			target = 218E19D92FE15A4B007F78C6 /* MickeysMindWidgetExtension */;
		};
/* End PBXFileSystemSynchronizedBuildFileExceptionSet section */

/* Begin PBXFileSystemSynchronizedRootGroup section */
		218E19CA2FE15A13007F78C6 /* MickeysMind */ = {
			isa = PBXFileSystemSynchronizedRootGroup;
			exceptions = (
				218E1A262FE15D31007F78C6 /* Exceptions for "MickeysMind" folder in "MickeysMindWidgetExtension" target */,
			);
			path = MickeysMind;
			sourceTree = "<group>";
		};
		218E19E02FE15A4B007F78C6 /* MickeysMindWidget */ = {
			isa = PBXFileSystemSynchronizedRootGroup;
			exceptions = (
				218E19EB2FE15A4E007F78C6 /* Exceptions for "MickeysMindWidget" folder in "MickeysMindWidgetExtension" target */,
			);
			path = MickeysMindWidget;
			sourceTree = "<group>";
		};
/* End PBXFileSystemSynchronizedRootGroup section */

/* Begin PBXFrameworksBuildPhase section */
		218E19C52FE15A13007F78C6 /* Frameworks */ = {
			isa = PBXFrameworksBuildPhase;
			files = (
			);
		};
		218E19D72FE15A4B007F78C6 /* Frameworks */ = {
			isa = PBXFrameworksBuildPhase;
			files = (
				218E19DF2FE15A4B007F78C6 /* SwiftUI.framework in Frameworks */,
				218E19DD2FE15A4B007F78C6 /* WidgetKit.framework in Frameworks */,
			);
		};
/* End PBXFrameworksBuildPhase section */

/* Begin PBXGroup section */
		218E19BF2FE15A13007F78C6 = {
			isa = PBXGroup;
			children = (
				218E19F12FE15A88007F78C6 /* MickeysMindWidgetExtension.entitlements */,
				218E19CA2FE15A13007F78C6 /* MickeysMind */,
				218E19E02FE15A4B007F78C6 /* MickeysMindWidget */,
				218E19DB2FE15A4B007F78C6 /* Frameworks */,
				218E19C92FE15A13007F78C6 /* Products */,
			);
			sourceTree = "<group>";
		};
		218E19C92FE15A13007F78C6 /* Products */ = {
			isa = PBXGroup;
			children = (
				218E19C82FE15A13007F78C6 /* MickeysMind.app */,
				218E19DA2FE15A4B007F78C6 /* MickeysMindWidgetExtension.appex */,
			);
			name = Products;
			sourceTree = "<group>";
		};
		218E19DB2FE15A4B007F78C6 /* Frameworks */ = {
			isa = PBXGroup;
			children = (
				218E19DC2FE15A4B007F78C6 /* WidgetKit.framework */,
				218E19DE2FE15A4B007F78C6 /* SwiftUI.framework */,
			);
			name = Frameworks;
			sourceTree = "<group>";
		};
/* End PBXGroup section */

/* Begin PBXNativeTarget section */
		218E19C72FE15A13007F78C6 /* MickeysMind */ = {
			isa = PBXNativeTarget;
			buildConfigurationList = 218E19D32FE15A17007F78C6 /* Build configuration list for PBXNativeTarget "MickeysMind" */;
			buildPhases = (
				218E19C42FE15A13007F78C6 /* Sources */,
				218E19C52FE15A13007F78C6 /* Frameworks */,
				218E19C62FE15A13007F78C6 /* Resources */,
				218E19EF2FE15A4E007F78C6 /* Embed Foundation Extensions */,
			);
			buildRules = (
			);
			dependencies = (
				218E19E92FE15A4E007F78C6 /* PBXTargetDependency */,
			);
			fileSystemSynchronizedGroups = (
				218E19CA2FE15A13007F78C6 /* MickeysMind */,
			);
			name = MickeysMind;
			productName = MickeysMind;
			productReference = 218E19C82FE15A13007F78C6 /* MickeysMind.app */;
			productType = "com.apple.product-type.application";
		};
		218E19D92FE15A4B007F78C6 /* MickeysMindWidgetExtension */ = {
			isa = PBXNativeTarget;
			buildConfigurationList = 218E19EC2FE15A4E007F78C6 /* Build configuration list for PBXNativeTarget "MickeysMindWidgetExtension" */;
			buildPhases = (
				218E19D62FE15A4B007F78C6 /* Sources */,
				218E19D72FE15A4B007F78C6 /* Frameworks */,
				218E19D82FE15A4B007F78C6 /* Resources */,
			);
			buildRules = (
			);
			fileSystemSynchronizedGroups = (
				218E19E02FE15A4B007F78C6 /* MickeysMindWidget */,
			);
			name = MickeysMindWidgetExtension;
			productName = MickeysMindWidgetExtension;
			productReference = 218E19DA2FE15A4B007F78C6 /* MickeysMindWidgetExtension.appex */;
			productType = "com.apple.product-type.app-extension";
		};
/* End PBXNativeTarget section */

/* Begin PBXProject section */
		218E19C02FE15A13007F78C6 /* Project object */ = {
			isa = PBXProject;
			attributes = {
				BuildIndependentTargetsInParallel = 1;
				LastSwiftUpdateCheck = 2700;
				LastUpgradeCheck = 2700;
				TargetAttributes = {
					218E19C72FE15A13007F78C6 = {
						CreatedOnToolsVersion = 27.0;
					};
					218E19D92FE15A4B007F78C6 = {
						CreatedOnToolsVersion = 27.0;
					};
				};
			};
			buildConfigurationList = 218E19C32FE15A13007F78C6 /* Build configuration list for PBXProject "MickeysMind" */;
			developmentRegion = en;
			hasScannedForEncodings = 0;
			knownRegions = (
				en,
				Base,
			);
			mainGroup = 218E19BF2FE15A13007F78C6;
			minimizedProjectReferenceProxies = 1;
			preferredProjectObjectVersion = 77;
			productRefGroup = 218E19C92FE15A13007F78C6 /* Products */;
			projectDirPath = "";
			projectRoot = "";
			targets = (
				218E19C72FE15A13007F78C6 /* MickeysMind */,
				218E19D92FE15A4B007F78C6 /* MickeysMindWidgetExtension */,
			);
		};
/* End PBXProject section */

/* Begin PBXResourcesBuildPhase section */
		218E19C62FE15A13007F78C6 /* Resources */ = {
			isa = PBXResourcesBuildPhase;
			files = (
			);
		};
		218E19D82FE15A4B007F78C6 /* Resources */ = {
			isa = PBXResourcesBuildPhase;
			files = (
			);
		};
/* End PBXResourcesBuildPhase section */

/* Begin PBXSourcesBuildPhase section */
		218E19C42FE15A13007F78C6 /* Sources */ = {
			isa = PBXSourcesBuildPhase;
			files = (
			);
		};
		218E19D62FE15A4B007F78C6 /* Sources */ = {
			isa = PBXSourcesBuildPhase;
			files = (
			);
		};
/* End PBXSourcesBuildPhase section */

/* Begin PBXTargetDependency section */
		218E19E92FE15A4E007F78C6 /* PBXTargetDependency */ = {
			isa = PBXTargetDependency;
			target = 218E19D92FE15A4B007F78C6 /* MickeysMindWidgetExtension */;
			targetProxy = 218E19E82FE15A4E007F78C6 /* PBXContainerItemProxy */;
		};
/* End PBXTargetDependency section */

/* Begin XCBuildConfiguration section */
		218E19D12FE15A17007F78C6 /* Debug configuration for PBXProject "MickeysMind" */ = {
			isa = XCBuildConfiguration;
			buildSettings = {
				ALWAYS_SEARCH_USER_PATHS = NO;
				ASSETCATALOG_COMPILER_GENERATE_SWIFT_ASSET_SYMBOL_EXTENSIONS = YES;
				CLANG_ANALYZER_NONNULL = YES;
				CLANG_ANALYZER_NUMBER_OBJECT_CONVERSION = YES_AGGRESSIVE;
				CLANG_CXX_LANGUAGE_STANDARD = "gnu++20";
				CLANG_ENABLE_MODULES = YES;
				CLANG_ENABLE_OBJC_ARC = YES;
				CLANG_ENABLE_OBJC_WEAK = YES;
				CLANG_WARN_BLOCK_CAPTURE_AUTORELEASING = YES;
				CLANG_WARN_BOOL_CONVERSION = YES;
				CLANG_WARN_COMMA = YES;
				CLANG_WARN_CONSTANT_CONVERSION = YES;
				CLANG_WARN_DEPRECATED_OBJC_IMPLEMENTATIONS = YES;
				CLANG_WARN_DIRECT_OBJC_ISA_USAGE = YES_ERROR;
				CLANG_WARN_DOCUMENTATION_COMMENTS = YES;
				CLANG_WARN_EMPTY_BODY = YES;
				CLANG_WARN_ENUM_CONVERSION = YES;
				CLANG_WARN_INFINITE_RECURSION = YES;
				CLANG_WARN_INT_CONVERSION = YES;
				CLANG_WARN_NON_LITERAL_NULL_CONVERSION = YES;
				CLANG_WARN_OBJC_IMPLICIT_RETAIN_SELF = YES;
				CLANG_WARN_OBJC_LITERAL_CONVERSION = YES;
				CLANG_WARN_OBJC_ROOT_CLASS = YES_ERROR;
				CLANG_WARN_QUOTED_INCLUDE_IN_FRAMEWORK_HEADER = YES;
				CLANG_WARN_RANGE_LOOP_ANALYSIS = YES;
				CLANG_WARN_STRICT_PROTOTYPES = YES;
				CLANG_WARN_SUSPICIOUS_MOVE = YES;
				CLANG_WARN_UNGUARDED_AVAILABILITY = YES_AGGRESSIVE;
				CLANG_WARN_UNREACHABLE_CODE = YES;
				CLANG_WARN__DUPLICATE_METHOD_MATCH = YES;
				COPY_PHASE_STRIP = NO;
				DEBUG_INFORMATION_FORMAT = dwarf;
				DEVELOPMENT_TEAM = V9C36ZXF8F;
				ENABLE_STRICT_OBJC_MSGSEND = YES;
				ENABLE_TESTABILITY = YES;
				ENABLE_USER_SCRIPT_SANDBOXING = YES;
				GCC_C_LANGUAGE_STANDARD = gnu17;
				GCC_DYNAMIC_NO_PIC = NO;
				GCC_NO_COMMON_BLOCKS = YES;
				GCC_OPTIMIZATION_LEVEL = 0;
				GCC_PREPROCESSOR_DEFINITIONS = (
					"DEBUG=1",
					"$(inherited)",
				);
				GCC_WARN_64_TO_32_BIT_CONVERSION = YES;
				GCC_WARN_ABOUT_RETURN_TYPE = YES_ERROR;
				GCC_WARN_UNDECLARED_SELECTOR = YES;
				GCC_WARN_UNINITIALIZED_AUTOS = YES_AGGRESSIVE;
				GCC_WARN_UNUSED_FUNCTION = YES;
				GCC_WARN_UNUSED_VARIABLE = YES;
				IPHONEOS_DEPLOYMENT_TARGET = 27.0;
				LOCALIZATION_PREFERS_STRING_CATALOGS = YES;
				MTL_ENABLE_DEBUG_INFO = INCLUDE_SOURCE;
				MTL_FAST_MATH = YES;
				ONLY_ACTIVE_ARCH = YES;
				SDKROOT = iphoneos;
				SWIFT_ACTIVE_COMPILATION_CONDITIONS = "DEBUG $(inherited)";
				SWIFT_OPTIMIZATION_LEVEL = "-Onone";
			};
			name = Debug;
		};
		218E19D22FE15A17007F78C6 /* Release configuration for PBXProject "MickeysMind" */ = {
			isa = XCBuildConfiguration;
			buildSettings = {
				ALWAYS_SEARCH_USER_PATHS = NO;
				ASSETCATALOG_COMPILER_GENERATE_SWIFT_ASSET_SYMBOL_EXTENSIONS = YES;
				CLANG_ANALYZER_NONNULL = YES;
				CLANG_ANALYZER_NUMBER_OBJECT_CONVERSION = YES_AGGRESSIVE;
				CLANG_CXX_LANGUAGE_STANDARD = "gnu++20";
				CLANG_ENABLE_MODULES = YES;
				CLANG_ENABLE_OBJC_ARC = YES;
				CLANG_ENABLE_OBJC_WEAK = YES;
				CLANG_WARN_BLOCK_CAPTURE_AUTORELEASING = YES;
				CLANG_WARN_BOOL_CONVERSION = YES;
				CLANG_WARN_COMMA = YES;
				CLANG_WARN_CONSTANT_CONVERSION = YES;
				CLANG_WARN_DEPRECATED_OBJC_IMPLEMENTATIONS = YES;
				CLANG_WARN_DIRECT_OBJC_ISA_USAGE = YES_ERROR;
				CLANG_WARN_DOCUMENTATION_COMMENTS = YES;
				CLANG_WARN_EMPTY_BODY = YES;
				CLANG_WARN_ENUM_CONVERSION = YES;
				CLANG_WARN_INFINITE_RECURSION = YES;
				CLANG_WARN_INT_CONVERSION = YES;
				CLANG_WARN_NON_LITERAL_NULL_CONVERSION = YES;
				CLANG_WARN_OBJC_IMPLICIT_RETAIN_SELF = YES;
				CLANG_WARN_OBJC_LITERAL_CONVERSION = YES;
				CLANG_WARN_OBJC_ROOT_CLASS = YES_ERROR;
				CLANG_WARN_QUOTED_INCLUDE_IN_FRAMEWORK_HEADER = YES;
				CLANG_WARN_RANGE_LOOP_ANALYSIS = YES;
				CLANG_WARN_STRICT_PROTOTYPES = YES;
				CLANG_WARN_SUSPICIOUS_MOVE = YES;
				CLANG_WARN_UNGUARDED_AVAILABILITY = YES_AGGRESSIVE;
				CLANG_WARN_UNREACHABLE_CODE = YES;
				CLANG_WARN__DUPLICATE_METHOD_MATCH = YES;
				COPY_PHASE_STRIP = NO;
				DEBUG_INFORMATION_FORMAT = "dwarf-with-dsym";
				DEVELOPMENT_TEAM = V9C36ZXF8F;
				ENABLE_NS_ASSERTIONS = NO;
				ENABLE_STRICT_OBJC_MSGSEND = YES;
				ENABLE_USER_SCRIPT_SANDBOXING = YES;
				GCC_C_LANGUAGE_STANDARD = gnu17;
				GCC_NO_COMMON_BLOCKS = YES;
				GCC_WARN_64_TO_32_BIT_CONVERSION = YES;
				GCC_WARN_ABOUT_RETURN_TYPE = YES_ERROR;
				GCC_WARN_UNDECLARED_SELECTOR = YES;
				GCC_WARN_UNINITIALIZED_AUTOS = YES_AGGRESSIVE;
				GCC_WARN_UNUSED_FUNCTION = YES;
				GCC_WARN_UNUSED_VARIABLE = YES;
				IPHONEOS_DEPLOYMENT_TARGET = 27.0;
				LOCALIZATION_PREFERS_STRING_CATALOGS = YES;
				MTL_ENABLE_DEBUG_INFO = NO;
				MTL_FAST_MATH = YES;
				SDKROOT = iphoneos;
				SWIFT_COMPILATION_MODE = wholemodule;
				VALIDATE_PRODUCT = YES;
			};
			name = Release;
		};
		218E19D42FE15A17007F78C6 /* Debug configuration for PBXNativeTarget "MickeysMind" */ = {
			isa = XCBuildConfiguration;
			buildSettings = {
				ASSETCATALOG_COMPILER_APPICON_NAME = AppIcon;
				ASSETCATALOG_COMPILER_GLOBAL_ACCENT_COLOR_NAME = AccentColor;
				CODE_SIGN_ENTITLEMENTS = MickeysMind/MickeysMind.entitlements;
				CODE_SIGN_STYLE = Automatic;
				CURRENT_PROJECT_VERSION = 1;
				DEVELOPMENT_TEAM = V9C36ZXF8F;
				ENABLE_PREVIEWS = YES;
				GENERATE_INFOPLIST_FILE = YES;
				INFOPLIST_KEY_UIApplicationSceneManifest_Generation = YES;
				INFOPLIST_KEY_UIApplicationSupportsIndirectInputEvents = YES;
				INFOPLIST_KEY_UILaunchScreen_Generation = YES;
				INFOPLIST_KEY_UISupportedInterfaceOrientations_iPad = "UIInterfaceOrientationPortrait UIInterfaceOrientationPortraitUpsideDown UIInterfaceOrientationLandscapeLeft UIInterfaceOrientationLandscapeRight";
				INFOPLIST_KEY_UISupportedInterfaceOrientations_iPhone = "UIInterfaceOrientationPortrait UIInterfaceOrientationLandscapeLeft UIInterfaceOrientationLandscapeRight";
				LD_RUNPATH_SEARCH_PATHS = (
					"$(inherited)",
					"@executable_path/Frameworks",
				);
				MARKETING_VERSION = 1.0;
				PRODUCT_BUNDLE_IDENTIFIER = com.miki.MickeysMind;
				PRODUCT_NAME = "$(TARGET_NAME)";
				REGISTER_APP_GROUPS = YES;
				STRING_CATALOG_GENERATE_SYMBOLS = YES;
				SWIFT_APPROACHABLE_CONCURRENCY = YES;
				SWIFT_DEFAULT_ACTOR_ISOLATION = MainActor;
				SWIFT_EMIT_LOC_STRINGS = YES;
				SWIFT_UPCOMING_FEATURE_MEMBER_IMPORT_VISIBILITY = YES;
				SWIFT_VERSION = 5.0;
				TARGETED_DEVICE_FAMILY = "1,2";
			};
			name = Debug;
		};
		218E19D52FE15A17007F78C6 /* Release configuration for PBXNativeTarget "MickeysMind" */ = {
			isa = XCBuildConfiguration;
			buildSettings = {
				ASSETCATALOG_COMPILER_APPICON_NAME = AppIcon;
				ASSETCATALOG_COMPILER_GLOBAL_ACCENT_COLOR_NAME = AccentColor;
				CODE_SIGN_ENTITLEMENTS = MickeysMind/MickeysMind.entitlements;
				CODE_SIGN_STYLE = Automatic;
				CURRENT_PROJECT_VERSION = 1;
				DEVELOPMENT_TEAM = V9C36ZXF8F;
				ENABLE_PREVIEWS = YES;
				GENERATE_INFOPLIST_FILE = YES;
				INFOPLIST_KEY_UIApplicationSceneManifest_Generation = YES;
				INFOPLIST_KEY_UIApplicationSupportsIndirectInputEvents = YES;
				INFOPLIST_KEY_UILaunchScreen_Generation = YES;
				INFOPLIST_KEY_UISupportedInterfaceOrientations_iPad = "UIInterfaceOrientationPortrait UIInterfaceOrientationPortraitUpsideDown UIInterfaceOrientationLandscapeLeft UIInterfaceOrientationLandscapeRight";
				INFOPLIST_KEY_UISupportedInterfaceOrientations_iPhone = "UIInterfaceOrientationPortrait UIInterfaceOrientationLandscapeLeft UIInterfaceOrientationLandscapeRight";
				LD_RUNPATH_SEARCH_PATHS = (
					"$(inherited)",
					"@executable_path/Frameworks",
				);
				MARKETING_VERSION = 1.0;
				PRODUCT_BUNDLE_IDENTIFIER = com.miki.MickeysMind;
				PRODUCT_NAME = "$(TARGET_NAME)";
				REGISTER_APP_GROUPS = YES;
				STRING_CATALOG_GENERATE_SYMBOLS = YES;
				SWIFT_APPROACHABLE_CONCURRENCY = YES;
				SWIFT_DEFAULT_ACTOR_ISOLATION = MainActor;
				SWIFT_EMIT_LOC_STRINGS = YES;
				SWIFT_UPCOMING_FEATURE_MEMBER_IMPORT_VISIBILITY = YES;
				SWIFT_VERSION = 5.0;
				TARGETED_DEVICE_FAMILY = "1,2";
			};
			name = Release;
		};
		218E19ED2FE15A4E007F78C6 /* Debug configuration for PBXNativeTarget "MickeysMindWidgetExtension" */ = {
			isa = XCBuildConfiguration;
			buildSettings = {
				ASSETCATALOG_COMPILER_GLOBAL_ACCENT_COLOR_NAME = AccentColor;
				ASSETCATALOG_COMPILER_WIDGET_BACKGROUND_COLOR_NAME = WidgetBackground;
				CODE_SIGN_ENTITLEMENTS = MickeysMindWidgetExtension.entitlements;
				CODE_SIGN_STYLE = Automatic;
				CURRENT_PROJECT_VERSION = 1;
				DEVELOPMENT_TEAM = V9C36ZXF8F;
				GENERATE_INFOPLIST_FILE = YES;
				INFOPLIST_FILE = MickeysMindWidget/Info.plist;
				INFOPLIST_KEY_CFBundleDisplayName = MickeysMindWidget;
				INFOPLIST_KEY_NSHumanReadableCopyright = "";
				LD_RUNPATH_SEARCH_PATHS = (
					"$(inherited)",
					"@executable_path/Frameworks",
					"@executable_path/../../Frameworks",
				);
				MARKETING_VERSION = 1.0;
				PRODUCT_BUNDLE_IDENTIFIER = com.miki.MickeysMind.MickeysMindWidget;
				PRODUCT_NAME = "$(TARGET_NAME)";
				REGISTER_APP_GROUPS = YES;
				SKIP_INSTALL = YES;
				STRING_CATALOG_GENERATE_SYMBOLS = YES;
				SWIFT_APPROACHABLE_CONCURRENCY = YES;
				SWIFT_EMIT_LOC_STRINGS = YES;
				SWIFT_UPCOMING_FEATURE_MEMBER_IMPORT_VISIBILITY = YES;
				SWIFT_VERSION = 5.0;
				TARGETED_DEVICE_FAMILY = "1,2";
			};
			name = Debug;
		};
		218E19EE2FE15A4E007F78C6 /* Release configuration for PBXNativeTarget "MickeysMindWidgetExtension" */ = {
			isa = XCBuildConfiguration;
			buildSettings = {
				ASSETCATALOG_COMPILER_GLOBAL_ACCENT_COLOR_NAME = AccentColor;
				ASSETCATALOG_COMPILER_WIDGET_BACKGROUND_COLOR_NAME = WidgetBackground;
				CODE_SIGN_ENTITLEMENTS = MickeysMindWidgetExtension.entitlements;
				CODE_SIGN_STYLE = Automatic;
				CURRENT_PROJECT_VERSION = 1;
				DEVELOPMENT_TEAM = V9C36ZXF8F;
				GENERATE_INFOPLIST_FILE = YES;
				INFOPLIST_FILE = MickeysMindWidget/Info.plist;
				INFOPLIST_KEY_CFBundleDisplayName = MickeysMindWidget;
				INFOPLIST_KEY_NSHumanReadableCopyright = "";
				LD_RUNPATH_SEARCH_PATHS = (
					"$(inherited)",
					"@executable_path/Frameworks",
					"@executable_path/../../Frameworks",
				);
				MARKETING_VERSION = 1.0;
				PRODUCT_BUNDLE_IDENTIFIER = com.miki.MickeysMind.MickeysMindWidget;
				PRODUCT_NAME = "$(TARGET_NAME)";
				REGISTER_APP_GROUPS = YES;
				SKIP_INSTALL = YES;
				STRING_CATALOG_GENERATE_SYMBOLS = YES;
				SWIFT_APPROACHABLE_CONCURRENCY = YES;
				SWIFT_EMIT_LOC_STRINGS = YES;
				SWIFT_UPCOMING_FEATURE_MEMBER_IMPORT_VISIBILITY = YES;
				SWIFT_VERSION = 5.0;
				TARGETED_DEVICE_FAMILY = "1,2";
			};
			name = Release;
		};
/* End XCBuildConfiguration section */

/* Begin XCConfigurationList section */
		218E19C32FE15A13007F78C6 /* Build configuration list for PBXProject "MickeysMind" */ = {
			isa = XCConfigurationList;
			buildConfigurations = (
				218E19D12FE15A17007F78C6 /* Debug configuration for PBXProject "MickeysMind" */,
				218E19D22FE15A17007F78C6 /* Release configuration for PBXProject "MickeysMind" */,
			);
			defaultConfigurationName = Release;
		};
		218E19D32FE15A17007F78C6 /* Build configuration list for PBXNativeTarget "MickeysMind" */ = {
			isa = XCConfigurationList;
			buildConfigurations = (
				218E19D42FE15A17007F78C6 /* Debug configuration for PBXNativeTarget "MickeysMind" */,
				218E19D52FE15A17007F78C6 /* Release configuration for PBXNativeTarget "MickeysMind" */,
			);
			defaultConfigurationName = Release;
		};
		218E19EC2FE15A4E007F78C6 /* Build configuration list for PBXNativeTarget "MickeysMindWidgetExtension" */ = {
			isa = XCConfigurationList;
			buildConfigurations = (
				218E19ED2FE15A4E007F78C6 /* Debug configuration for PBXNativeTarget "MickeysMindWidgetExtension" */,
				218E19EE2FE15A4E007F78C6 /* Release configuration for PBXNativeTarget "MickeysMindWidgetExtension" */,
			);
			defaultConfigurationName = Release;
		};
/* End XCConfigurationList section */
	};
	rootObject = 218E19C02FE15A13007F78C6 /* Project object */;
	validationLevel = 1;
}
